
Microsoft Visual Studio Solution File, Format Version 12.00
# Visual Studio Version 16
VisualStudioVersion = 16.0.29306.81
MinimumVisualStudioVersion = 10.0.40219.1
Project("{159641D6-6404-4A2A-AE62-294DE0FE8301}") = "Proyecto1-Llenadodedatos", "Proyecto1-Llenadodedatos\Proyecto1-Llenadodedatos.dtproj", "{45438105-7B30-4003-A1A6-8C75508CD70A}"
EndProject
Global
	GlobalSection(SolutionConfigurationPlatforms) = preSolution
		Development|Default = Development|Default
	EndGlobalSection
	GlobalSection(ProjectConfigurationPlatforms) = postSolution
		{45438105-7B30-4003-A1A6-8C75508CD70A}.Development|Default.ActiveCfg = Development
		{45438105-7B30-4003-A1A6-8C75508CD70A}.Development|Default.Build.0 = Development
	EndGlobalSection
	GlobalSection(SolutionProperties) = preSolution
		HideSolutionNode = FALSE
	EndGlobalSection
	GlobalSection(ExtensibilityGlobals) = postSolution
		SolutionGuid = {694F664D-4B54-4F28-9B58-13B6005D50FC}
	EndGlobalSection
EndGlobal
