
Microsoft Visual Studio Solution File, Format Version 12.00
# Visual Studio Version 16
VisualStudioVersion = 16.0.29230.47
MinimumVisualStudioVersion = 10.0.40219.1
Project("{D2ABAB84-BF74-430A-B69E-9DC6D40DDA17}") = "CuboOLAP", "CuboOLAP\CuboOLAP.dwproj", "{93B5DF36-E9E0-47C3-8DC0-BFE334FD8C15}"
EndProject
Global
	GlobalSection(SolutionConfigurationPlatforms) = preSolution
		Development|Default = Development|Default
	EndGlobalSection
	GlobalSection(ProjectConfigurationPlatforms) = postSolution
		{93B5DF36-E9E0-47C3-8DC0-BFE334FD8C15}.Development|Default.ActiveCfg = Development
		{93B5DF36-E9E0-47C3-8DC0-BFE334FD8C15}.Development|Default.Build.0 = Development
		{93B5DF36-E9E0-47C3-8DC0-BFE334FD8C15}.Development|Default.Deploy.0 = Development
	EndGlobalSection
	GlobalSection(SolutionProperties) = preSolution
		HideSolutionNode = FALSE
	EndGlobalSection
	GlobalSection(ExtensibilityGlobals) = postSolution
		SolutionGuid = {2CA2E3A3-A3A8-4E88-96A0-F4C4D178A1FB}
	EndGlobalSection
EndGlobal
